
Microsoft Visual Studio Solution File, Format Version 12.00
# Visual Studio Version 17
VisualStudioVersion = 17.10.35122.118
MinimumVisualStudioVersion = 10.0.40219.1
Project("{9A19103F-16F7-4668-BE54-9A1E7A4F7556}") = "RecursosHumanos", "RecursosHumanos.csproj", "{39F70D82-E10B-40DC-A83B-A04CE49021B2}"
EndProject
Project("{FAE04EC0-301F-11D3-BF4B-00C04F79EFBC}") = "RecursosHumanos_Utilidades", "..\RecursosHumanos_Utilidades\RecursosHumanos_Utilidades.csproj", "{66641F7C-3172-45D4-AD70-50967B9A9511}"
EndProject
Project("{FAE04EC0-301F-11D3-BF4B-00C04F79EFBC}") = "RecursosHumanos_AccesoDatos", "..\RecursosHumanos_AccesoDatos\RecursosHumanos_AccesoDatos.csproj", "{B1E023B5-8A86-4890-98E9-0EBC8CD9B231}"
EndProject
Project("{FAE04EC0-301F-11D3-BF4B-00C04F79EFBC}") = "RecursosHumanos_Models", "..\RecursosHumanos_Modelos\RecursosHumanos_Models.csproj", "{347265DD-1D49-44D2-A34C-5562C80303C6}"
EndProject
Global
	GlobalSection(SolutionConfigurationPlatforms) = preSolution
		Debug|Any CPU = Debug|Any CPU
		Release|Any CPU = Release|Any CPU
	EndGlobalSection
	GlobalSection(ProjectConfigurationPlatforms) = postSolution
		{39F70D82-E10B-40DC-A83B-A04CE49021B2}.Debug|Any CPU.ActiveCfg = Debug|Any CPU
		{39F70D82-E10B-40DC-A83B-A04CE49021B2}.Debug|Any CPU.Build.0 = Debug|Any CPU
		{39F70D82-E10B-40DC-A83B-A04CE49021B2}.Release|Any CPU.ActiveCfg = Release|Any CPU
		{39F70D82-E10B-40DC-A83B-A04CE49021B2}.Release|Any CPU.Build.0 = Release|Any CPU
		{66641F7C-3172-45D4-AD70-50967B9A9511}.Debug|Any CPU.ActiveCfg = Debug|Any CPU
		{66641F7C-3172-45D4-AD70-50967B9A9511}.Debug|Any CPU.Build.0 = Debug|Any CPU
		{66641F7C-3172-45D4-AD70-50967B9A9511}.Release|Any CPU.ActiveCfg = Release|Any CPU
		{66641F7C-3172-45D4-AD70-50967B9A9511}.Release|Any CPU.Build.0 = Release|Any CPU
		{B1E023B5-8A86-4890-98E9-0EBC8CD9B231}.Debug|Any CPU.ActiveCfg = Debug|Any CPU
		{B1E023B5-8A86-4890-98E9-0EBC8CD9B231}.Debug|Any CPU.Build.0 = Debug|Any CPU
		{B1E023B5-8A86-4890-98E9-0EBC8CD9B231}.Release|Any CPU.ActiveCfg = Release|Any CPU
		{B1E023B5-8A86-4890-98E9-0EBC8CD9B231}.Release|Any CPU.Build.0 = Release|Any CPU
		{347265DD-1D49-44D2-A34C-5562C80303C6}.Debug|Any CPU.ActiveCfg = Debug|Any CPU
		{347265DD-1D49-44D2-A34C-5562C80303C6}.Debug|Any CPU.Build.0 = Debug|Any CPU
		{347265DD-1D49-44D2-A34C-5562C80303C6}.Release|Any CPU.ActiveCfg = Release|Any CPU
		{347265DD-1D49-44D2-A34C-5562C80303C6}.Release|Any CPU.Build.0 = Release|Any CPU
	EndGlobalSection
	GlobalSection(SolutionProperties) = preSolution
		HideSolutionNode = FALSE
	EndGlobalSection
	GlobalSection(ExtensibilityGlobals) = postSolution
		SolutionGuid = {0ED5CBDD-3C45-40E5-9B53-F5DBDC326112}
	EndGlobalSection
EndGlobal
